
Microsoft Visual Studio Solution File, Format Version 12.00
# Visual Studio Version 17
VisualStudioVersion = 17.3.32929.385
MinimumVisualStudioVersion = 10.0.40219.1
Project("{FAE04EC0-301F-11D3-BF4B-00C04F79EFBC}") = "cat_forum", "cat_forum\cat_forum.csproj", "{295028A1-E696-4426-A51D-E8CB18AE0E8D}"
EndProject
Global
	GlobalSection(SolutionConfigurationPlatforms) = preSolution
		Debug|Any CPU = Debug|Any CPU
		Release|Any CPU = Release|Any CPU
	EndGlobalSection
	GlobalSection(ProjectConfigurationPlatforms) = postSolution
		{295028A1-E696-4426-A51D-E8CB18AE0E8D}.Debug|Any CPU.ActiveCfg = Debug|Any CPU
		{295028A1-E696-4426-A51D-E8CB18AE0E8D}.Debug|Any CPU.Build.0 = Debug|Any CPU
		{295028A1-E696-4426-A51D-E8CB18AE0E8D}.Release|Any CPU.ActiveCfg = Release|Any CPU
		{295028A1-E696-4426-A51D-E8CB18AE0E8D}.Release|Any CPU.Build.0 = Release|Any CPU
	EndGlobalSection
	GlobalSection(SolutionProperties) = preSolution
		HideSolutionNode = FALSE
	EndGlobalSection
	GlobalSection(ExtensibilityGlobals) = postSolution
		SolutionGuid = {72CFD08C-A3FF-4161-B32F-D41D8849CD02}
	EndGlobalSection
EndGlobal
